
Microsoft Visual Studio Solution File, Format Version 12.00
# Visual Studio 14
VisualStudioVersion = 14.0.24720.0
MinimumVisualStudioVersion = 10.0.40219.1
Project("{FAE04EC0-301F-11D3-BF4B-00C04F79EFBC}") = "UrlAclLib", "UrlAclLib\UrlAclLib.csproj", "{AF7FEC7E-03E0-482B-99CE-99AF47373AA8}"
EndProject
Project("{FAE04EC0-301F-11D3-BF4B-00C04F79EFBC}") = "UrlAclTests", "UrlAclTests\UrlAclTests.csproj", "{2005ABF4-62B9-484F-BAFF-277EB6765DB3}"
EndProject
Project("{FAE04EC0-301F-11D3-BF4B-00C04F79EFBC}") = "UrlAcl", "UrlAcl\UrlAcl.csproj", "{C8BAB9AB-DC6E-44E1-BC4F-865141F27F48}"
EndProject
Global
	GlobalSection(SolutionConfigurationPlatforms) = preSolution
		Debug|Any CPU = Debug|Any CPU
		Release|Any CPU = Release|Any CPU
	EndGlobalSection
	GlobalSection(ProjectConfigurationPlatforms) = postSolution
		{AF7FEC7E-03E0-482B-99CE-99AF47373AA8}.Debug|Any CPU.ActiveCfg = Debug|Any CPU
		{AF7FEC7E-03E0-482B-99CE-99AF47373AA8}.Debug|Any CPU.Build.0 = Debug|Any CPU
		{AF7FEC7E-03E0-482B-99CE-99AF47373AA8}.Release|Any CPU.ActiveCfg = Release|Any CPU
		{AF7FEC7E-03E0-482B-99CE-99AF47373AA8}.Release|Any CPU.Build.0 = Release|Any CPU
		{2005ABF4-62B9-484F-BAFF-277EB6765DB3}.Debug|Any CPU.ActiveCfg = Debug|Any CPU
		{2005ABF4-62B9-484F-BAFF-277EB6765DB3}.Debug|Any CPU.Build.0 = Debug|Any CPU
		{2005ABF4-62B9-484F-BAFF-277EB6765DB3}.Release|Any CPU.ActiveCfg = Release|Any CPU
		{2005ABF4-62B9-484F-BAFF-277EB6765DB3}.Release|Any CPU.Build.0 = Release|Any CPU
		{C8BAB9AB-DC6E-44E1-BC4F-865141F27F48}.Debug|Any CPU.ActiveCfg = Debug|Any CPU
		{C8BAB9AB-DC6E-44E1-BC4F-865141F27F48}.Debug|Any CPU.Build.0 = Debug|Any CPU
		{C8BAB9AB-DC6E-44E1-BC4F-865141F27F48}.Release|Any CPU.ActiveCfg = Release|Any CPU
		{C8BAB9AB-DC6E-44E1-BC4F-865141F27F48}.Release|Any CPU.Build.0 = Release|Any CPU
	EndGlobalSection
	GlobalSection(SolutionProperties) = preSolution
		HideSolutionNode = FALSE
	EndGlobalSection
EndGlobal
